
Microsoft Visual Studio Solution File, Format Version 12.00
# Visual Studio Version 16
VisualStudioVersion = 16.0.30523.141
MinimumVisualStudioVersion = 10.0.40219.1
Project("{FAE04EC0-301F-11D3-BF4B-00C04F79EFBC}") = "SwashbuckleTest", "SwashbuckleTest\SwashbuckleTest.csproj", "{F16C0030-C23A-4CF4-9742-3F786DE6B99C}"
EndProject
Global
	GlobalSection(SolutionConfigurationPlatforms) = preSolution
		Debug|Any CPU = Debug|Any CPU
		Release|Any CPU = Release|Any CPU
	EndGlobalSection
	GlobalSection(ProjectConfigurationPlatforms) = postSolution
		{F16C0030-C23A-4CF4-9742-3F786DE6B99C}.Debug|Any CPU.ActiveCfg = Debug|Any CPU
		{F16C0030-C23A-4CF4-9742-3F786DE6B99C}.Debug|Any CPU.Build.0 = Debug|Any CPU
		{F16C0030-C23A-4CF4-9742-3F786DE6B99C}.Release|Any CPU.ActiveCfg = Release|Any CPU
		{F16C0030-C23A-4CF4-9742-3F786DE6B99C}.Release|Any CPU.Build.0 = Release|Any CPU
	EndGlobalSection
	GlobalSection(SolutionProperties) = preSolution
		HideSolutionNode = FALSE
	EndGlobalSection
	GlobalSection(ExtensibilityGlobals) = postSolution
		SolutionGuid = {2E345BEC-986D-4591-A4A0-80F7A5CE1E58}
	EndGlobalSection
EndGlobal
